
Microsoft Visual Studio Solution File, Format Version 12.00
# Visual Studio Version 16
VisualStudioVersion = 16.0.30907.101
MinimumVisualStudioVersion = 10.0.40219.1
Project("{FAE04EC0-301F-11D3-BF4B-00C04F79EFBC}") = "JusticeSoftware", "JusticeSoftware.csproj", "{36E72AF1-C64D-4D34-B268-4B7F381B676B}"
EndProject
Global
	GlobalSection(SolutionConfigurationPlatforms) = preSolution
		Debug|Any CPU = Debug|Any CPU
		Release|Any CPU = Release|Any CPU
	EndGlobalSection
	GlobalSection(ProjectConfigurationPlatforms) = postSolution
		{36E72AF1-C64D-4D34-B268-4B7F381B676B}.Debug|Any CPU.ActiveCfg = Debug|Any CPU
		{36E72AF1-C64D-4D34-B268-4B7F381B676B}.Debug|Any CPU.Build.0 = Debug|Any CPU
		{36E72AF1-C64D-4D34-B268-4B7F381B676B}.Release|Any CPU.ActiveCfg = Release|Any CPU
		{36E72AF1-C64D-4D34-B268-4B7F381B676B}.Release|Any CPU.Build.0 = Release|Any CPU
	EndGlobalSection
	GlobalSection(SolutionProperties) = preSolution
		HideSolutionNode = FALSE
	EndGlobalSection
	GlobalSection(ExtensibilityGlobals) = postSolution
		SolutionGuid = {0EEC306B-3E18-43CF-AADD-A7F9E7BC059D}
	EndGlobalSection
EndGlobal
